
Microsoft Visual Studio Solution File, Format Version 12.00
# Visual Studio Version 16
VisualStudioVersion = 16.0.32106.194
MinimumVisualStudioVersion = 10.0.40219.1
Project("{9A19103F-16F7-4668-BE54-9A1E7A4F7556}") = "PracticaSeis", "PracticaSeis\PracticaSeis.csproj", "{CA99CB4B-4636-42E1-BEA5-C56FCBA0187A}"
EndProject
Project("{9A19103F-16F7-4668-BE54-9A1E7A4F7556}") = "Predicados", "Predicados\Predicados.csproj", "{0530996C-AEAD-4BFA-A929-4ED99E99984D}"
EndProject
Project("{9A19103F-16F7-4668-BE54-9A1E7A4F7556}") = "PeredicatesWithClases", "PeredicatesWithClases\PeredicatesWithClases.csproj", "{0657E231-9EAC-43D6-9141-D52D5ACF341E}"
EndProject
Project("{9A19103F-16F7-4668-BE54-9A1E7A4F7556}") = "PredicateApp", "PredicateApp\PredicateApp.csproj", "{FE06A24E-C1F1-4199-A89F-F34F31944DB5}"
EndProject
Project("{9A19103F-16F7-4668-BE54-9A1E7A4F7556}") = "LambdaExpressions", "LambdaExpressions\LambdaExpressions.csproj", "{8CEA5A68-49BE-49DC-9E2D-DE6E5ED0059D}"
EndProject
Project("{9A19103F-16F7-4668-BE54-9A1E7A4F7556}") = "GeometricCalculator", "GeometricCalculator\GeometricCalculator.csproj", "{134C071F-D096-4A15-8528-8F64B529346A}"
EndProject
Project("{9A19103F-16F7-4668-BE54-9A1E7A4F7556}") = "RegularExpression", "RegularExpression\RegularExpression.csproj", "{E7B13E4F-EC41-425A-AE33-3183C0AF3B1D}"
EndProject
Project("{9A19103F-16F7-4668-BE54-9A1E7A4F7556}") = "WorkingWithDates", "WorkingWithDates\WorkingWithDates.csproj", "{30E33E0A-B710-4140-84D8-0F502D8A459A}"
EndProject
Project("{9A19103F-16F7-4668-BE54-9A1E7A4F7556}") = "Asynchronous", "Asynchronous\Asynchronous.csproj", "{F368CEEF-7D06-4203-AE3B-07E84C84B47D}"
EndProject
Project("{9A19103F-16F7-4668-BE54-9A1E7A4F7556}") = "Reminder", "Reminder\Reminder.csproj", "{783C6EA7-7A0F-4113-B93C-6777DC74BEFB}"
EndProject
Project("{9A19103F-16F7-4668-BE54-9A1E7A4F7556}") = "TestParalelims", "TestParalelims\TestParalelims.csproj", "{FFDD0028-0253-4F46-9F12-9EC456C5A7D2}"
EndProject
Project("{9A19103F-16F7-4668-BE54-9A1E7A4F7556}") = "POO", "POO\POO.csproj", "{0DFCE542-38FF-4783-BAA1-2A568510C857}"
EndProject
Project("{9A19103F-16F7-4668-BE54-9A1E7A4F7556}") = "BankApp", "BankApp\BankApp.csproj", "{4F453D73-54E5-4A37-BCA2-72BA4D05846E}"
EndProject
Project("{9A19103F-16F7-4668-BE54-9A1E7A4F7556}") = "EmployeePOO", "EmployeePOO\EmployeePOO.csproj", "{77F84F00-CB26-4CA5-A46F-6F08271A977F}"
EndProject
Project("{FAE04EC0-301F-11D3-BF4B-00C04F79EFBC}") = "LeftRotation", "LeftRotation\LeftRotation.csproj", "{F0C6A40A-47F9-43B8-856A-3B73E75CEA3E}"
EndProject
Project("{FAE04EC0-301F-11D3-BF4B-00C04F79EFBC}") = "Brides", "Brides\Brides.csproj", "{9F24FA0B-9048-4624-9EF8-CD21382C6A9F}"
EndProject
Project("{FAE04EC0-301F-11D3-BF4B-00C04F79EFBC}") = "Valleys", "Valleys\Valleys.csproj", "{0B60BE3E-D364-4EDA-A7AF-5E077D85E76B}"
EndProject
Global
	GlobalSection(SolutionConfigurationPlatforms) = preSolution
		Debug|Any CPU = Debug|Any CPU
		Release|Any CPU = Release|Any CPU
	EndGlobalSection
	GlobalSection(ProjectConfigurationPlatforms) = postSolution
		{CA99CB4B-4636-42E1-BEA5-C56FCBA0187A}.Debug|Any CPU.ActiveCfg = Debug|Any CPU
		{CA99CB4B-4636-42E1-BEA5-C56FCBA0187A}.Debug|Any CPU.Build.0 = Debug|Any CPU
		{CA99CB4B-4636-42E1-BEA5-C56FCBA0187A}.Release|Any CPU.ActiveCfg = Release|Any CPU
		{CA99CB4B-4636-42E1-BEA5-C56FCBA0187A}.Release|Any CPU.Build.0 = Release|Any CPU
		{0530996C-AEAD-4BFA-A929-4ED99E99984D}.Debug|Any CPU.ActiveCfg = Debug|Any CPU
		{0530996C-AEAD-4BFA-A929-4ED99E99984D}.Debug|Any CPU.Build.0 = Debug|Any CPU
		{0530996C-AEAD-4BFA-A929-4ED99E99984D}.Release|Any CPU.ActiveCfg = Release|Any CPU
		{0530996C-AEAD-4BFA-A929-4ED99E99984D}.Release|Any CPU.Build.0 = Release|Any CPU
		{0657E231-9EAC-43D6-9141-D52D5ACF341E}.Debug|Any CPU.ActiveCfg = Debug|Any CPU
		{0657E231-9EAC-43D6-9141-D52D5ACF341E}.Debug|Any CPU.Build.0 = Debug|Any CPU
		{0657E231-9EAC-43D6-9141-D52D5ACF341E}.Release|Any CPU.ActiveCfg = Release|Any CPU
		{0657E231-9EAC-43D6-9141-D52D5ACF341E}.Release|Any CPU.Build.0 = Release|Any CPU
		{FE06A24E-C1F1-4199-A89F-F34F31944DB5}.Debug|Any CPU.ActiveCfg = Debug|Any CPU
		{FE06A24E-C1F1-4199-A89F-F34F31944DB5}.Debug|Any CPU.Build.0 = Debug|Any CPU
		{FE06A24E-C1F1-4199-A89F-F34F31944DB5}.Release|Any CPU.ActiveCfg = Release|Any CPU
		{FE06A24E-C1F1-4199-A89F-F34F31944DB5}.Release|Any CPU.Build.0 = Release|Any CPU
		{8CEA5A68-49BE-49DC-9E2D-DE6E5ED0059D}.Debug|Any CPU.ActiveCfg = Debug|Any CPU
		{8CEA5A68-49BE-49DC-9E2D-DE6E5ED0059D}.Debug|Any CPU.Build.0 = Debug|Any CPU
		{8CEA5A68-49BE-49DC-9E2D-DE6E5ED0059D}.Release|Any CPU.ActiveCfg = Release|Any CPU
		{8CEA5A68-49BE-49DC-9E2D-DE6E5ED0059D}.Release|Any CPU.Build.0 = Release|Any CPU
		{134C071F-D096-4A15-8528-8F64B529346A}.Debug|Any CPU.ActiveCfg = Debug|Any CPU
		{134C071F-D096-4A15-8528-8F64B529346A}.Debug|Any CPU.Build.0 = Debug|Any CPU
		{134C071F-D096-4A15-8528-8F64B529346A}.Release|Any CPU.ActiveCfg = Release|Any CPU
		{134C071F-D096-4A15-8528-8F64B529346A}.Release|Any CPU.Build.0 = Release|Any CPU
		{E7B13E4F-EC41-425A-AE33-3183C0AF3B1D}.Debug|Any CPU.ActiveCfg = Debug|Any CPU
		{E7B13E4F-EC41-425A-AE33-3183C0AF3B1D}.Debug|Any CPU.Build.0 = Debug|Any CPU
		{E7B13E4F-EC41-425A-AE33-3183C0AF3B1D}.Release|Any CPU.ActiveCfg = Release|Any CPU
		{E7B13E4F-EC41-425A-AE33-3183C0AF3B1D}.Release|Any CPU.Build.0 = Release|Any CPU
		{30E33E0A-B710-4140-84D8-0F502D8A459A}.Debug|Any CPU.ActiveCfg = Debug|Any CPU
		{30E33E0A-B710-4140-84D8-0F502D8A459A}.Debug|Any CPU.Build.0 = Debug|Any CPU
		{30E33E0A-B710-4140-84D8-0F502D8A459A}.Release|Any CPU.ActiveCfg = Release|Any CPU
		{30E33E0A-B710-4140-84D8-0F502D8A459A}.Release|Any CPU.Build.0 = Release|Any CPU
		{F368CEEF-7D06-4203-AE3B-07E84C84B47D}.Debug|Any CPU.ActiveCfg = Debug|Any CPU
		{F368CEEF-7D06-4203-AE3B-07E84C84B47D}.Debug|Any CPU.Build.0 = Debug|Any CPU
		{F368CEEF-7D06-4203-AE3B-07E84C84B47D}.Release|Any CPU.ActiveCfg = Release|Any CPU
		{F368CEEF-7D06-4203-AE3B-07E84C84B47D}.Release|Any CPU.Build.0 = Release|Any CPU
		{783C6EA7-7A0F-4113-B93C-6777DC74BEFB}.Debug|Any CPU.ActiveCfg = Debug|Any CPU
		{783C6EA7-7A0F-4113-B93C-6777DC74BEFB}.Debug|Any CPU.Build.0 = Debug|Any CPU
		{783C6EA7-7A0F-4113-B93C-6777DC74BEFB}.Release|Any CPU.ActiveCfg = Release|Any CPU
		{783C6EA7-7A0F-4113-B93C-6777DC74BEFB}.Release|Any CPU.Build.0 = Release|Any CPU
		{FFDD0028-0253-4F46-9F12-9EC456C5A7D2}.Debug|Any CPU.ActiveCfg = Debug|Any CPU
		{FFDD0028-0253-4F46-9F12-9EC456C5A7D2}.Debug|Any CPU.Build.0 = Debug|Any CPU
		{FFDD0028-0253-4F46-9F12-9EC456C5A7D2}.Release|Any CPU.ActiveCfg = Release|Any CPU
		{FFDD0028-0253-4F46-9F12-9EC456C5A7D2}.Release|Any CPU.Build.0 = Release|Any CPU
		{0DFCE542-38FF-4783-BAA1-2A568510C857}.Debug|Any CPU.ActiveCfg = Debug|Any CPU
		{0DFCE542-38FF-4783-BAA1-2A568510C857}.Debug|Any CPU.Build.0 = Debug|Any CPU
		{0DFCE542-38FF-4783-BAA1-2A568510C857}.Release|Any CPU.ActiveCfg = Release|Any CPU
		{0DFCE542-38FF-4783-BAA1-2A568510C857}.Release|Any CPU.Build.0 = Release|Any CPU
		{4F453D73-54E5-4A37-BCA2-72BA4D05846E}.Debug|Any CPU.ActiveCfg = Debug|Any CPU
		{4F453D73-54E5-4A37-BCA2-72BA4D05846E}.Debug|Any CPU.Build.0 = Debug|Any CPU
		{4F453D73-54E5-4A37-BCA2-72BA4D05846E}.Release|Any CPU.ActiveCfg = Release|Any CPU
		{4F453D73-54E5-4A37-BCA2-72BA4D05846E}.Release|Any CPU.Build.0 = Release|Any CPU
		{77F84F00-CB26-4CA5-A46F-6F08271A977F}.Debug|Any CPU.ActiveCfg = Debug|Any CPU
		{77F84F00-CB26-4CA5-A46F-6F08271A977F}.Debug|Any CPU.Build.0 = Debug|Any CPU
		{77F84F00-CB26-4CA5-A46F-6F08271A977F}.Release|Any CPU.ActiveCfg = Release|Any CPU
		{77F84F00-CB26-4CA5-A46F-6F08271A977F}.Release|Any CPU.Build.0 = Release|Any CPU
		{F0C6A40A-47F9-43B8-856A-3B73E75CEA3E}.Debug|Any CPU.ActiveCfg = Debug|Any CPU
		{F0C6A40A-47F9-43B8-856A-3B73E75CEA3E}.Debug|Any CPU.Build.0 = Debug|Any CPU
		{F0C6A40A-47F9-43B8-856A-3B73E75CEA3E}.Release|Any CPU.ActiveCfg = Release|Any CPU
		{F0C6A40A-47F9-43B8-856A-3B73E75CEA3E}.Release|Any CPU.Build.0 = Release|Any CPU
		{9F24FA0B-9048-4624-9EF8-CD21382C6A9F}.Debug|Any CPU.ActiveCfg = Debug|Any CPU
		{9F24FA0B-9048-4624-9EF8-CD21382C6A9F}.Debug|Any CPU.Build.0 = Debug|Any CPU
		{9F24FA0B-9048-4624-9EF8-CD21382C6A9F}.Release|Any CPU.ActiveCfg = Release|Any CPU
		{9F24FA0B-9048-4624-9EF8-CD21382C6A9F}.Release|Any CPU.Build.0 = Release|Any CPU
		{0B60BE3E-D364-4EDA-A7AF-5E077D85E76B}.Debug|Any CPU.ActiveCfg = Debug|Any CPU
		{0B60BE3E-D364-4EDA-A7AF-5E077D85E76B}.Debug|Any CPU.Build.0 = Debug|Any CPU
		{0B60BE3E-D364-4EDA-A7AF-5E077D85E76B}.Release|Any CPU.ActiveCfg = Release|Any CPU
		{0B60BE3E-D364-4EDA-A7AF-5E077D85E76B}.Release|Any CPU.Build.0 = Release|Any CPU
	EndGlobalSection
	GlobalSection(SolutionProperties) = preSolution
		HideSolutionNode = FALSE
	EndGlobalSection
	GlobalSection(ExtensibilityGlobals) = postSolution
		SolutionGuid = {2E34A09A-85DF-47A0-8A61-8D41EA4F2E0A}
	EndGlobalSection
EndGlobal
