
Microsoft Visual Studio Solution File, Format Version 12.00
# Visual Studio Version 16
VisualStudioVersion = 16.0.32106.194
MinimumVisualStudioVersion = 10.0.40219.1
Project("{FAE04EC0-301F-11D3-BF4B-00C04F79EFBC}") = "PracticaSeis", "PracticaSeis\PracticaSeis.csproj", "{CA99CB4B-4636-42E1-BEA5-C56FCBA0187A}"
EndProject
Global
	GlobalSection(SolutionConfigurationPlatforms) = preSolution
		Debug|Any CPU = Debug|Any CPU
		Release|Any CPU = Release|Any CPU
	EndGlobalSection
	GlobalSection(ProjectConfigurationPlatforms) = postSolution
		{CA99CB4B-4636-42E1-BEA5-C56FCBA0187A}.Debug|Any CPU.ActiveCfg = Debug|Any CPU
		{CA99CB4B-4636-42E1-BEA5-C56FCBA0187A}.Debug|Any CPU.Build.0 = Debug|Any CPU
		{CA99CB4B-4636-42E1-BEA5-C56FCBA0187A}.Release|Any CPU.ActiveCfg = Release|Any CPU
		{CA99CB4B-4636-42E1-BEA5-C56FCBA0187A}.Release|Any CPU.Build.0 = Release|Any CPU
	EndGlobalSection
	GlobalSection(SolutionProperties) = preSolution
		HideSolutionNode = FALSE
	EndGlobalSection
	GlobalSection(ExtensibilityGlobals) = postSolution
		SolutionGuid = {2E34A09A-85DF-47A0-8A61-8D41EA4F2E0A}
	EndGlobalSection
EndGlobal
