
Microsoft Visual Studio Solution File, Format Version 12.00
# Visual Studio Version 16
VisualStudioVersion = 16.0.32106.194
MinimumVisualStudioVersion = 10.0.40219.1
Project("{FAE04EC0-301F-11D3-BF4B-00C04F79EFBC}") = "EFeShop", "EFeShop\EFeShop.csproj", "{6108B7B1-0458-4C22-89DF-F701A3B19E34}"
EndProject
Project("{FAE04EC0-301F-11D3-BF4B-00C04F79EFBC}") = "Model", "Model\Model.csproj", "{3F611B90-A356-480C-BBF2-94D4F3A74779}"
EndProject
Project("{FAE04EC0-301F-11D3-BF4B-00C04F79EFBC}") = "Share", "Share\Share.csproj", "{B5554091-8C13-4DE5-9FAF-9E4845111BC3}"
EndProject
Global
	GlobalSection(SolutionConfigurationPlatforms) = preSolution
		Debug|Any CPU = Debug|Any CPU
		Release|Any CPU = Release|Any CPU
	EndGlobalSection
	GlobalSection(ProjectConfigurationPlatforms) = postSolution
		{6108B7B1-0458-4C22-89DF-F701A3B19E34}.Debug|Any CPU.ActiveCfg = Debug|Any CPU
		{6108B7B1-0458-4C22-89DF-F701A3B19E34}.Debug|Any CPU.Build.0 = Debug|Any CPU
		{6108B7B1-0458-4C22-89DF-F701A3B19E34}.Release|Any CPU.ActiveCfg = Release|Any CPU
		{6108B7B1-0458-4C22-89DF-F701A3B19E34}.Release|Any CPU.Build.0 = Release|Any CPU
		{3F611B90-A356-480C-BBF2-94D4F3A74779}.Debug|Any CPU.ActiveCfg = Debug|Any CPU
		{3F611B90-A356-480C-BBF2-94D4F3A74779}.Debug|Any CPU.Build.0 = Debug|Any CPU
		{3F611B90-A356-480C-BBF2-94D4F3A74779}.Release|Any CPU.ActiveCfg = Release|Any CPU
		{3F611B90-A356-480C-BBF2-94D4F3A74779}.Release|Any CPU.Build.0 = Release|Any CPU
		{B5554091-8C13-4DE5-9FAF-9E4845111BC3}.Debug|Any CPU.ActiveCfg = Debug|Any CPU
		{B5554091-8C13-4DE5-9FAF-9E4845111BC3}.Debug|Any CPU.Build.0 = Debug|Any CPU
		{B5554091-8C13-4DE5-9FAF-9E4845111BC3}.Release|Any CPU.ActiveCfg = Release|Any CPU
		{B5554091-8C13-4DE5-9FAF-9E4845111BC3}.Release|Any CPU.Build.0 = Release|Any CPU
	EndGlobalSection
	GlobalSection(SolutionProperties) = preSolution
		HideSolutionNode = FALSE
	EndGlobalSection
	GlobalSection(ExtensibilityGlobals) = postSolution
		SolutionGuid = {7F88FBC6-1F1F-4EC9-8BBD-707F7070AFA2}
	EndGlobalSection
EndGlobal
